
Microsoft Visual Studio Solution File, Format Version 12.00
# Visual Studio Version 16
VisualStudioVersion = 16.0.31205.134
MinimumVisualStudioVersion = 10.0.40219.1
Project("{FAE04EC0-301F-11D3-BF4B-00C04F79EFBC}") = "Prag.BookStore", "Prag.BookStore.csproj", "{36F021AE-C8EB-4DE2-BF04-FE191459173E}"
EndProject
Global
	GlobalSection(SolutionConfigurationPlatforms) = preSolution
		Debug|Any CPU = Debug|Any CPU
		Release|Any CPU = Release|Any CPU
	EndGlobalSection
	GlobalSection(ProjectConfigurationPlatforms) = postSolution
		{36F021AE-C8EB-4DE2-BF04-FE191459173E}.Debug|Any CPU.ActiveCfg = Debug|Any CPU
		{36F021AE-C8EB-4DE2-BF04-FE191459173E}.Debug|Any CPU.Build.0 = Debug|Any CPU
		{36F021AE-C8EB-4DE2-BF04-FE191459173E}.Release|Any CPU.ActiveCfg = Release|Any CPU
		{36F021AE-C8EB-4DE2-BF04-FE191459173E}.Release|Any CPU.Build.0 = Release|Any CPU
	EndGlobalSection
	GlobalSection(SolutionProperties) = preSolution
		HideSolutionNode = FALSE
	EndGlobalSection
	GlobalSection(ExtensibilityGlobals) = postSolution
		SolutionGuid = {6E629351-E7AF-400D-9B50-346D3423F614}
	EndGlobalSection
EndGlobal
